
Microsoft Visual Studio Solution File, Format Version 12.00
# Visual Studio Version 17
VisualStudioVersion = 17.8.34511.84
MinimumVisualStudioVersion = 10.0.40219.1
Project("{FAE04EC0-301F-11D3-BF4B-00C04F79EFBC}") = "JsbTask", "JsbTask\JsbTask.csproj", "{D479F216-6937-4961-BAD0-8275AE2376A2}"
EndProject
Project("{FAE04EC0-301F-11D3-BF4B-00C04F79EFBC}") = "Core", "Core\Core.csproj", "{B20EEA28-07CC-48E2-ACD3-F96B0E6FA8ED}"
EndProject
Project("{FAE04EC0-301F-11D3-BF4B-00C04F79EFBC}") = "Infrastrucutre", "Infrastrucutre\Infrastrucutre.csproj", "{5DBE97AB-FE0B-4E86-AACF-FAD3726617D5}"
EndProject
Global
	GlobalSection(SolutionConfigurationPlatforms) = preSolution
		Debug|Any CPU = Debug|Any CPU
		Release|Any CPU = Release|Any CPU
	EndGlobalSection
	GlobalSection(ProjectConfigurationPlatforms) = postSolution
		{D479F216-6937-4961-BAD0-8275AE2376A2}.Debug|Any CPU.ActiveCfg = Debug|Any CPU
		{D479F216-6937-4961-BAD0-8275AE2376A2}.Debug|Any CPU.Build.0 = Debug|Any CPU
		{D479F216-6937-4961-BAD0-8275AE2376A2}.Release|Any CPU.ActiveCfg = Release|Any CPU
		{D479F216-6937-4961-BAD0-8275AE2376A2}.Release|Any CPU.Build.0 = Release|Any CPU
		{B20EEA28-07CC-48E2-ACD3-F96B0E6FA8ED}.Debug|Any CPU.ActiveCfg = Debug|Any CPU
		{B20EEA28-07CC-48E2-ACD3-F96B0E6FA8ED}.Debug|Any CPU.Build.0 = Debug|Any CPU
		{B20EEA28-07CC-48E2-ACD3-F96B0E6FA8ED}.Release|Any CPU.ActiveCfg = Release|Any CPU
		{B20EEA28-07CC-48E2-ACD3-F96B0E6FA8ED}.Release|Any CPU.Build.0 = Release|Any CPU
		{5DBE97AB-FE0B-4E86-AACF-FAD3726617D5}.Debug|Any CPU.ActiveCfg = Debug|Any CPU
		{5DBE97AB-FE0B-4E86-AACF-FAD3726617D5}.Debug|Any CPU.Build.0 = Debug|Any CPU
		{5DBE97AB-FE0B-4E86-AACF-FAD3726617D5}.Release|Any CPU.ActiveCfg = Release|Any CPU
		{5DBE97AB-FE0B-4E86-AACF-FAD3726617D5}.Release|Any CPU.Build.0 = Release|Any CPU
	EndGlobalSection
	GlobalSection(SolutionProperties) = preSolution
		HideSolutionNode = FALSE
	EndGlobalSection
	GlobalSection(ExtensibilityGlobals) = postSolution
		SolutionGuid = {C07C42F5-6799-427E-A853-11C0533BB7E1}
	EndGlobalSection
EndGlobal
